
Microsoft Visual Studio Solution File, Format Version 12.00
Project("{FAE04EC0-301F-11D3-BF4B-00C04F79EFBC}") = "Application", "Application\Application.csproj", "{AA3139FF-7966-4325-AAA5-F8FB0C17080D}"
EndProject
Global
	GlobalSection(SolutionConfigurationPlatforms) = preSolution
		Debug|Any CPU = Debug|Any CPU
		Release|Any CPU = Release|Any CPU
	EndGlobalSection
	GlobalSection(ProjectConfigurationPlatforms) = postSolution
		{AA3139FF-7966-4325-AAA5-F8FB0C17080D}.Debug|Any CPU.ActiveCfg = Debug|Any CPU
		{AA3139FF-7966-4325-AAA5-F8FB0C17080D}.Debug|Any CPU.Build.0 = Debug|Any CPU
		{AA3139FF-7966-4325-AAA5-F8FB0C17080D}.Release|Any CPU.ActiveCfg = Release|Any CPU
		{AA3139FF-7966-4325-AAA5-F8FB0C17080D}.Release|Any CPU.Build.0 = Release|Any CPU
	EndGlobalSection
EndGlobal
